
Microsoft Visual Studio Solution File, Format Version 12.00
# Visual Studio Version 16
VisualStudioVersion = 16.0.31829.152
MinimumVisualStudioVersion = 10.0.40219.1
Project("{FAE04EC0-301F-11D3-BF4B-00C04F79EFBC}") = "WireguardAdmin", "WireguardAdmin\WireguardAdmin.csproj", "{BEF1805D-3985-4020-AAC6-99A755051DF5}"
EndProject
Global
	GlobalSection(SolutionConfigurationPlatforms) = preSolution
		Debug|Any CPU = Debug|Any CPU
		Release|Any CPU = Release|Any CPU
	EndGlobalSection
	GlobalSection(ProjectConfigurationPlatforms) = postSolution
		{BEF1805D-3985-4020-AAC6-99A755051DF5}.Debug|Any CPU.ActiveCfg = Debug|Any CPU
		{BEF1805D-3985-4020-AAC6-99A755051DF5}.Debug|Any CPU.Build.0 = Debug|Any CPU
		{BEF1805D-3985-4020-AAC6-99A755051DF5}.Release|Any CPU.ActiveCfg = Release|Any CPU
		{BEF1805D-3985-4020-AAC6-99A755051DF5}.Release|Any CPU.Build.0 = Release|Any CPU
	EndGlobalSection
	GlobalSection(SolutionProperties) = preSolution
		HideSolutionNode = FALSE
	EndGlobalSection
	GlobalSection(ExtensibilityGlobals) = postSolution
		SolutionGuid = {58F6FB18-50B1-4FE8-8847-E2398256818B}
	EndGlobalSection
EndGlobal
