
Microsoft Visual Studio Solution File, Format Version 12.00
# Visual Studio Version 17
VisualStudioVersion = 17.0.32126.317
MinimumVisualStudioVersion = 10.0.40219.1
Project("{9A19103F-16F7-4668-BE54-9A1E7A4F7556}") = "WireguardAdmin", "WireguardAdmin\WireguardAdmin.csproj", "{BEF1805D-3985-4020-AAC6-99A755051DF5}"
EndProject
Project("{9A19103F-16F7-4668-BE54-9A1E7A4F7556}") = "WireguardAdminClient", "WireguardAdminClient\WireguardAdminClient.csproj", "{2B6BB080-9D88-4745-87AE-32DFDB724D05}"
EndProject
Project("{2150E333-8FDC-42A3-9474-1A3956D46DE8}") = "Solution Items", "Solution Items", "{B56058D5-84D2-44B6-97FF-390231122D3B}"
EndProject
Global
	GlobalSection(SolutionConfigurationPlatforms) = preSolution
		Debug|Any CPU = Debug|Any CPU
		Release|Any CPU = Release|Any CPU
	EndGlobalSection
	GlobalSection(ProjectConfigurationPlatforms) = postSolution
		{BEF1805D-3985-4020-AAC6-99A755051DF5}.Debug|Any CPU.ActiveCfg = Debug|Any CPU
		{BEF1805D-3985-4020-AAC6-99A755051DF5}.Debug|Any CPU.Build.0 = Debug|Any CPU
		{BEF1805D-3985-4020-AAC6-99A755051DF5}.Release|Any CPU.ActiveCfg = Release|Any CPU
		{BEF1805D-3985-4020-AAC6-99A755051DF5}.Release|Any CPU.Build.0 = Release|Any CPU
		{2B6BB080-9D88-4745-87AE-32DFDB724D05}.Debug|Any CPU.ActiveCfg = Debug|Any CPU
		{2B6BB080-9D88-4745-87AE-32DFDB724D05}.Debug|Any CPU.Build.0 = Debug|Any CPU
		{2B6BB080-9D88-4745-87AE-32DFDB724D05}.Release|Any CPU.ActiveCfg = Release|Any CPU
		{2B6BB080-9D88-4745-87AE-32DFDB724D05}.Release|Any CPU.Build.0 = Release|Any CPU
	EndGlobalSection
	GlobalSection(SolutionProperties) = preSolution
		HideSolutionNode = FALSE
	EndGlobalSection
	GlobalSection(ExtensibilityGlobals) = postSolution
		SolutionGuid = {58F6FB18-50B1-4FE8-8847-E2398256818B}
	EndGlobalSection
EndGlobal
